// !$*UTF8*$!
{
	archiveVersion = 1;
	classes = {
	};
	objectVersion = 46;
	objects = {

/* Begin PBXBuildFile section */
		5C1720CB1CA9BFB0002E91D0 /* AppDelegate.swift in Sources */ = {isa = PBXBuildFile; fileRef = 5C1720CA1CA9BFB0002E91D0 /* AppDelegate.swift */; };
		5C1720CD1CA9BFB0002E91D0 /* ViewController.swift in Sources */ = {isa = PBXBuildFile; fileRef = 5C1720CC1CA9BFB0002E91D0 /* ViewController.swift */; };
		5C1720D21CA9BFB0002E91D0 /* Images.xcassets in Resources */ = {isa = PBXBuildFile; fileRef = 5C1720D11CA9BFB0002E91D0 /* Images.xcassets */; };
		5C1720E11CA9BFB0002E91D0 /* TestCalTests.swift in Sources */ = {isa = PBXBuildFile; fileRef = 5C1720E01CA9BFB0002E91D0 /* TestCalTests.swift */; };
		5CA425CA1CABA5F700B40D93 /* UpcomingController.swift in Sources */ = {isa = PBXBuildFile; fileRef = 5CA425C91CABA5F700B40D93 /* UpcomingController.swift */; };
		5CA425CC1CABA65500B40D93 /* CalendarController.swift in Sources */ = {isa = PBXBuildFile; fileRef = 5CA425CB1CABA65500B40D93 /* CalendarController.swift */; };
		5CEE9A9E1CAC5BBB00D24304 /* CalendarNavController.swift in Sources */ = {isa = PBXBuildFile; fileRef = 5CEE9A9D1CAC5BBB00D24304 /* CalendarNavController.swift */; };
		5CEE9AA01CAC5D3E00D24304 /* UpcomingNavController.swift in Sources */ = {isa = PBXBuildFile; fileRef = 5CEE9A9F1CAC5D3E00D24304 /* UpcomingNavController.swift */; };
		652428B1B5621AE33573580C /* Pods_TestCal.framework in Frameworks */ = {isa = PBXBuildFile; fileRef = 87F393B64DFB70D6497E0778 /* Pods_TestCal.framework */; };
		68BF664E1CADC4A2007C9662 /* DBManager.m in Sources */ = {isa = PBXBuildFile; fileRef = 68BF664D1CADC4A1007C9662 /* DBManager.m */; };
		68BF66531CADC7E4007C9662 /* Default-568h@2x.png in Resources */ = {isa = PBXBuildFile; fileRef = 68BF66521CADC7E4007C9662 /* Default-568h@2x.png */; };
		68BF66561CADCFFB007C9662 /* libsqlite3.tbd in Frameworks */ = {isa = PBXBuildFile; fileRef = 68BF66551CADCFFB007C9662 /* libsqlite3.tbd */; };
		68BF665B1CADF9D4007C9662 /* EventsDB.sql in Resources */ = {isa = PBXBuildFile; fileRef = 68BF665A1CADF9D4007C9662 /* EventsDB.sql */; };
		A0D1E04B1CAF3C9500D29340 /* Storyboard.storyboard in Resources */ = {isa = PBXBuildFile; fileRef = A0D1E04A1CAF3C9500D29340 /* Storyboard.storyboard */; };
/* End PBXBuildFile section */

/* Begin PBXContainerItemProxy section */
		5C1720DB1CA9BFB0002E91D0 /* PBXContainerItemProxy */ = {
			isa = PBXContainerItemProxy;
			containerPortal = 5C1720BD1CA9BFB0002E91D0 /* Project object */;
			proxyType = 1;
			remoteGlobalIDString = 5C1720C41CA9BFB0002E91D0;
			remoteInfo = TestCal;
		};
		A03106521CAEDBB600FDB9A3 /* PBXContainerItemProxy */ = {
			isa = PBXContainerItemProxy;
			containerPortal = A031064D1CAEDBB600FDB9A3 /* Pods.xcodeproj */;
			proxyType = 2;
			remoteGlobalIDString = 9855DA709EE720E4A4B89B44C93DA4CF;
			remoteInfo = PDTSimpleCalendar;
		};
		A03106541CAEDBB600FDB9A3 /* PBXContainerItemProxy */ = {
			isa = PBXContainerItemProxy;
			containerPortal = A031064D1CAEDBB600FDB9A3 /* Pods.xcodeproj */;
			proxyType = 2;
			remoteGlobalIDString = 53B4C7A4F5D5E2DD96A810849E2CFAEF;
			remoteInfo = "Pods-TestCal";
		};
/* End PBXContainerItemProxy section */

/* Begin PBXFileReference section */
		5C1720C51CA9BFB0002E91D0 /* TestCal.app */ = {isa = PBXFileReference; explicitFileType = wrapper.application; includeInIndex = 0; path = TestCal.app; sourceTree = BUILT_PRODUCTS_DIR; };
		5C1720C91CA9BFB0002E91D0 /* Info.plist */ = {isa = PBXFileReference; lastKnownFileType = text.plist.xml; path = Info.plist; sourceTree = "<group>"; };
		5C1720CA1CA9BFB0002E91D0 /* AppDelegate.swift */ = {isa = PBXFileReference; lastKnownFileType = sourcecode.swift; path = AppDelegate.swift; sourceTree = "<group>"; };
		5C1720CC1CA9BFB0002E91D0 /* ViewController.swift */ = {isa = PBXFileReference; lastKnownFileType = sourcecode.swift; path = ViewController.swift; sourceTree = "<group>"; };
		5C1720D11CA9BFB0002E91D0 /* Images.xcassets */ = {isa = PBXFileReference; lastKnownFileType = folder.assetcatalog; path = Images.xcassets; sourceTree = "<group>"; };
		5C1720DA1CA9BFB0002E91D0 /* TestCalTests.xctest */ = {isa = PBXFileReference; explicitFileType = wrapper.cfbundle; includeInIndex = 0; path = TestCalTests.xctest; sourceTree = BUILT_PRODUCTS_DIR; };
		5C1720DF1CA9BFB0002E91D0 /* Info.plist */ = {isa = PBXFileReference; lastKnownFileType = text.plist.xml; path = Info.plist; sourceTree = "<group>"; };
		5C1720E01CA9BFB0002E91D0 /* TestCalTests.swift */ = {isa = PBXFileReference; lastKnownFileType = sourcecode.swift; path = TestCalTests.swift; sourceTree = "<group>"; };
		5CA425C91CABA5F700B40D93 /* UpcomingController.swift */ = {isa = PBXFileReference; fileEncoding = 4; lastKnownFileType = sourcecode.swift; path = UpcomingController.swift; sourceTree = "<group>"; };
		5CA425CB1CABA65500B40D93 /* CalendarController.swift */ = {isa = PBXFileReference; fileEncoding = 4; lastKnownFileType = sourcecode.swift; path = CalendarController.swift; sourceTree = "<group>"; };
		5CEE9A9D1CAC5BBB00D24304 /* CalendarNavController.swift */ = {isa = PBXFileReference; fileEncoding = 4; lastKnownFileType = sourcecode.swift; path = CalendarNavController.swift; sourceTree = "<group>"; };
		5CEE9A9F1CAC5D3E00D24304 /* UpcomingNavController.swift */ = {isa = PBXFileReference; fileEncoding = 4; lastKnownFileType = sourcecode.swift; path = UpcomingNavController.swift; sourceTree = "<group>"; };
		68BF664D1CADC4A1007C9662 /* DBManager.m */ = {isa = PBXFileReference; fileEncoding = 4; lastKnownFileType = sourcecode.c.objc; name = DBManager.m; path = ../DBManager.m; sourceTree = "<group>"; };
		68BF664F1CADC4AF007C9662 /* DBManager.h */ = {isa = PBXFileReference; lastKnownFileType = sourcecode.c.h; name = DBManager.h; path = ../DBManager.h; sourceTree = "<group>"; };
		68BF66521CADC7E4007C9662 /* Default-568h@2x.png */ = {isa = PBXFileReference; lastKnownFileType = image.png; name = "Default-568h@2x.png"; path = "../Default-568h@2x.png"; sourceTree = "<group>"; };
		68BF66551CADCFFB007C9662 /* libsqlite3.tbd */ = {isa = PBXFileReference; lastKnownFileType = "sourcecode.text-based-dylib-definition"; name = libsqlite3.tbd; path = usr/lib/libsqlite3.tbd; sourceTree = SDKROOT; };
		68BF66571CADD12D007C9662 /* TestCal-Bridging-Header.h */ = {isa = PBXFileReference; fileEncoding = 4; lastKnownFileType = sourcecode.c.h; path = "TestCal-Bridging-Header.h"; sourceTree = "<group>"; };
		68BF665A1CADF9D4007C9662 /* EventsDB.sql */ = {isa = PBXFileReference; lastKnownFileType = file; path = EventsDB.sql; sourceTree = "<group>"; };
		780F1BB4E8F5CF51BF4FCDEF /* Pods-TestCal.debug.xcconfig */ = {isa = PBXFileReference; includeInIndex = 1; lastKnownFileType = text.xcconfig; name = "Pods-TestCal.debug.xcconfig"; path = "Pods/Target Support Files/Pods-TestCal/Pods-TestCal.debug.xcconfig"; sourceTree = "<group>"; };
		7D130977574A51B735963218 /* Pods-TestCal.release.xcconfig */ = {isa = PBXFileReference; includeInIndex = 1; lastKnownFileType = text.xcconfig; name = "Pods-TestCal.release.xcconfig"; path = "Pods/Target Support Files/Pods-TestCal/Pods-TestCal.release.xcconfig"; sourceTree = "<group>"; };
		87F393B64DFB70D6497E0778 /* Pods_TestCal.framework */ = {isa = PBXFileReference; explicitFileType = wrapper.framework; includeInIndex = 0; path = Pods_TestCal.framework; sourceTree = BUILT_PRODUCTS_DIR; };
		A031064D1CAEDBB600FDB9A3 /* Pods.xcodeproj */ = {isa = PBXFileReference; lastKnownFileType = "wrapper.pb-project"; name = Pods.xcodeproj; path = Pods/Pods.xcodeproj; sourceTree = "<group>"; };
		A0D1E04A1CAF3C9500D29340 /* Storyboard.storyboard */ = {isa = PBXFileReference; fileEncoding = 4; lastKnownFileType = file.storyboard; path = Storyboard.storyboard; sourceTree = "<group>"; };
/* End PBXFileReference section */

/* Begin PBXFrameworksBuildPhase section */
		5C1720C21CA9BFB0002E91D0 /* Frameworks */ = {
			isa = PBXFrameworksBuildPhase;
			buildActionMask = 2147483647;
			files = (
				68BF66561CADCFFB007C9662 /* libsqlite3.tbd in Frameworks */,
				652428B1B5621AE33573580C /* Pods_TestCal.framework in Frameworks */,
			);
			runOnlyForDeploymentPostprocessing = 0;
		};
		5C1720D71CA9BFB0002E91D0 /* Frameworks */ = {
			isa = PBXFrameworksBuildPhase;
			buildActionMask = 2147483647;
			files = (
			);
			runOnlyForDeploymentPostprocessing = 0;
		};
/* End PBXFrameworksBuildPhase section */

/* Begin PBXGroup section */
		2B8C8E4D6593EECD78706394 /* Pods */ = {
			isa = PBXGroup;
			children = (
				780F1BB4E8F5CF51BF4FCDEF /* Pods-TestCal.debug.xcconfig */,
				7D130977574A51B735963218 /* Pods-TestCal.release.xcconfig */,
			);
			name = Pods;
			sourceTree = "<group>";
		};
		34D5DD19F811D2584FC1FFB5 /* Frameworks */ = {
			isa = PBXGroup;
			children = (
				A031064D1CAEDBB600FDB9A3 /* Pods.xcodeproj */,
				68BF66551CADCFFB007C9662 /* libsqlite3.tbd */,
				87F393B64DFB70D6497E0778 /* Pods_TestCal.framework */,
			);
			name = Frameworks;
			sourceTree = "<group>";
		};
		5C1720BC1CA9BFB0002E91D0 = {
			isa = PBXGroup;
			children = (
				5C1720C71CA9BFB0002E91D0 /* TestCal */,
				5C1720DD1CA9BFB0002E91D0 /* TestCalTests */,
				5C1720C61CA9BFB0002E91D0 /* Products */,
				2B8C8E4D6593EECD78706394 /* Pods */,
				34D5DD19F811D2584FC1FFB5 /* Frameworks */,
			);
			sourceTree = "<group>";
		};
		5C1720C61CA9BFB0002E91D0 /* Products */ = {
			isa = PBXGroup;
			children = (
				5C1720C51CA9BFB0002E91D0 /* TestCal.app */,
				5C1720DA1CA9BFB0002E91D0 /* TestCalTests.xctest */,
			);
			name = Products;
			sourceTree = "<group>";
		};
		5C1720C71CA9BFB0002E91D0 /* TestCal */ = {
			isa = PBXGroup;
			children = (
				68BF66521CADC7E4007C9662 /* Default-568h@2x.png */,
				68BF664D1CADC4A1007C9662 /* DBManager.m */,
				68BF664F1CADC4AF007C9662 /* DBManager.h */,
				68BF66571CADD12D007C9662 /* TestCal-Bridging-Header.h */,
				5C1720CA1CA9BFB0002E91D0 /* AppDelegate.swift */,
				68BF665A1CADF9D4007C9662 /* EventsDB.sql */,
				5C1720CC1CA9BFB0002E91D0 /* ViewController.swift */,
				5CA425C91CABA5F700B40D93 /* UpcomingController.swift */,
				5CA425CB1CABA65500B40D93 /* CalendarController.swift */,
				A0D1E04A1CAF3C9500D29340 /* Storyboard.storyboard */,
				5CEE9A9D1CAC5BBB00D24304 /* CalendarNavController.swift */,
				5CEE9A9F1CAC5D3E00D24304 /* UpcomingNavController.swift */,
				5C1720D11CA9BFB0002E91D0 /* Images.xcassets */,
				5C1720C81CA9BFB0002E91D0 /* Supporting Files */,
			);
			path = TestCal;
			sourceTree = "<group>";
		};
		5C1720C81CA9BFB0002E91D0 /* Supporting Files */ = {
			isa = PBXGroup;
			children = (
				5C1720C91CA9BFB0002E91D0 /* Info.plist */,
			);
			name = "Supporting Files";
			sourceTree = "<group>";
		};
		5C1720DD1CA9BFB0002E91D0 /* TestCalTests */ = {
			isa = PBXGroup;
			children = (
				5C1720E01CA9BFB0002E91D0 /* TestCalTests.swift */,
				5C1720DE1CA9BFB0002E91D0 /* Supporting Files */,
			);
			path = TestCalTests;
			sourceTree = "<group>";
		};
		5C1720DE1CA9BFB0002E91D0 /* Supporting Files */ = {
			isa = PBXGroup;
			children = (
				5C1720DF1CA9BFB0002E91D0 /* Info.plist */,
			);
			name = "Supporting Files";
			sourceTree = "<group>";
		};
		A031064E1CAEDBB600FDB9A3 /* Products */ = {
			isa = PBXGroup;
			children = (
				A03106531CAEDBB600FDB9A3 /* PDTSimpleCalendar.framework */,
				A03106551CAEDBB600FDB9A3 /* Pods_TestCal.framework */,
			);
			name = Products;
			sourceTree = "<group>";
		};
/* End PBXGroup section */

/* Begin PBXNativeTarget section */
		5C1720C41CA9BFB0002E91D0 /* TestCal */ = {
			isa = PBXNativeTarget;
			buildConfigurationList = 5C1720E41CA9BFB0002E91D0 /* Build configuration list for PBXNativeTarget "TestCal" */;
			buildPhases = (
				030775BDAD64FEA77C206A6B /* Check Pods Manifest.lock */,
				5C1720C11CA9BFB0002E91D0 /* Sources */,
				5C1720C21CA9BFB0002E91D0 /* Frameworks */,
				5C1720C31CA9BFB0002E91D0 /* Resources */,
				91CBE567C227D0BA4255DD8C /* Embed Pods Frameworks */,
				A11EED4234B61146A0AD945D /* Copy Pods Resources */,
			);
			buildRules = (
			);
			dependencies = (
			);
			name = TestCal;
			productName = TestCal;
			productReference = 5C1720C51CA9BFB0002E91D0 /* TestCal.app */;
			productType = "com.apple.product-type.application";
		};
		5C1720D91CA9BFB0002E91D0 /* TestCalTests */ = {
			isa = PBXNativeTarget;
			buildConfigurationList = 5C1720E71CA9BFB0002E91D0 /* Build configuration list for PBXNativeTarget "TestCalTests" */;
			buildPhases = (
				5C1720D61CA9BFB0002E91D0 /* Sources */,
				5C1720D71CA9BFB0002E91D0 /* Frameworks */,
				5C1720D81CA9BFB0002E91D0 /* Resources */,
			);
			buildRules = (
			);
			dependencies = (
				5C1720DC1CA9BFB0002E91D0 /* PBXTargetDependency */,
			);
			name = TestCalTests;
			productName = TestCalTests;
			productReference = 5C1720DA1CA9BFB0002E91D0 /* TestCalTests.xctest */;
			productType = "com.apple.product-type.bundle.unit-test";
		};
/* End PBXNativeTarget section */

/* Begin PBXProject section */
		5C1720BD1CA9BFB0002E91D0 /* Project object */ = {
			isa = PBXProject;
			attributes = {
				LastSwiftUpdateCheck = 0730;
				LastUpgradeCheck = 0730;
				ORGANIZATIONNAME = "Alexa Wojak";
				TargetAttributes = {
					5C1720C41CA9BFB0002E91D0 = {
						CreatedOnToolsVersion = 6.4;
					};
					5C1720D91CA9BFB0002E91D0 = {
						CreatedOnToolsVersion = 6.4;
						TestTargetID = 5C1720C41CA9BFB0002E91D0;
					};
				};
			};
			buildConfigurationList = 5C1720C01CA9BFB0002E91D0 /* Build configuration list for PBXProject "TestCal" */;
			compatibilityVersion = "Xcode 3.2";
			developmentRegion = English;
			hasScannedForEncodings = 0;
			knownRegions = (
				en,
				Base,
			);
			mainGroup = 5C1720BC1CA9BFB0002E91D0;
			productRefGroup = 5C1720C61CA9BFB0002E91D0 /* Products */;
			projectDirPath = "";
			projectReferences = (
				{
					ProductGroup = A031064E1CAEDBB600FDB9A3 /* Products */;
					ProjectRef = A031064D1CAEDBB600FDB9A3 /* Pods.xcodeproj */;
				},
			);
			projectRoot = "";
			targets = (
				5C1720C41CA9BFB0002E91D0 /* TestCal */,
				5C1720D91CA9BFB0002E91D0 /* TestCalTests */,
			);
		};
/* End PBXProject section */

/* Begin PBXReferenceProxy section */
		A03106531CAEDBB600FDB9A3 /* PDTSimpleCalendar.framework */ = {
			isa = PBXReferenceProxy;
			fileType = wrapper.framework;
			path = PDTSimpleCalendar.framework;
			remoteRef = A03106521CAEDBB600FDB9A3 /* PBXContainerItemProxy */;
			sourceTree = BUILT_PRODUCTS_DIR;
		};
		A03106551CAEDBB600FDB9A3 /* Pods_TestCal.framework */ = {
			isa = PBXReferenceProxy;
			fileType = wrapper.framework;
			path = Pods_TestCal.framework;
			remoteRef = A03106541CAEDBB600FDB9A3 /* PBXContainerItemProxy */;
			sourceTree = BUILT_PRODUCTS_DIR;
		};
/* End PBXReferenceProxy section */

/* Begin PBXResourcesBuildPhase section */
		5C1720C31CA9BFB0002E91D0 /* Resources */ = {
			isa = PBXResourcesBuildPhase;
			buildActionMask = 2147483647;
			files = (
				5C1720D21CA9BFB0002E91D0 /* Images.xcassets in Resources */,
				A0D1E04B1CAF3C9500D29340 /* Storyboard.storyboard in Resources */,
				68BF66531CADC7E4007C9662 /* Default-568h@2x.png in Resources */,
				68BF665B1CADF9D4007C9662 /* EventsDB.sql in Resources */,
			);
			runOnlyForDeploymentPostprocessing = 0;
		};
		5C1720D81CA9BFB0002E91D0 /* Resources */ = {
			isa = PBXResourcesBuildPhase;
			buildActionMask = 2147483647;
			files = (
			);
			runOnlyForDeploymentPostprocessing = 0;
		};
/* End PBXResourcesBuildPhase section */

/* Begin PBXShellScriptBuildPhase section */
		030775BDAD64FEA77C206A6B /* Check Pods Manifest.lock */ = {
			isa = PBXShellScriptBuildPhase;
			buildActionMask = 2147483647;
			files = (
			);
			inputPaths = (
			);
			name = "Check Pods Manifest.lock";
			outputPaths = (
			);
			runOnlyForDeploymentPostprocessing = 0;
			shellPath = /bin/sh;
			shellScript = "diff \"${PODS_ROOT}/../Podfile.lock\" \"${PODS_ROOT}/Manifest.lock\" > /dev/null\nif [[ $? != 0 ]] ; then\n    cat << EOM\nerror: The sandbox is not in sync with the Podfile.lock. Run 'pod install' or update your CocoaPods installation.\nEOM\n    exit 1\nfi\n";
			showEnvVarsInLog = 0;
		};
		91CBE567C227D0BA4255DD8C /* Embed Pods Frameworks */ = {
			isa = PBXShellScriptBuildPhase;
			buildActionMask = 2147483647;
			files = (
			);
			inputPaths = (
			);
			name = "Embed Pods Frameworks";
			outputPaths = (
			);
			runOnlyForDeploymentPostprocessing = 0;
			shellPath = /bin/sh;
			shellScript = "\"${SRCROOT}/Pods/Target Support Files/Pods-TestCal/Pods-TestCal-frameworks.sh\"\n";
			showEnvVarsInLog = 0;
		};
		A11EED4234B61146A0AD945D /* Copy Pods Resources */ = {
			isa = PBXShellScriptBuildPhase;
			buildActionMask = 2147483647;
			files = (
			);
			inputPaths = (
			);
			name = "Copy Pods Resources";
			outputPaths = (
			);
			runOnlyForDeploymentPostprocessing = 0;
			shellPath = /bin/sh;
			shellScript = "\"${SRCROOT}/Pods/Target Support Files/Pods-TestCal/Pods-TestCal-resources.sh\"\n";
			showEnvVarsInLog = 0;
		};
/* End PBXShellScriptBuildPhase section */

/* Begin PBXSourcesBuildPhase section */
		5C1720C11CA9BFB0002E91D0 /* Sources */ = {
			isa = PBXSourcesBuildPhase;
			buildActionMask = 2147483647;
			files = (
				68BF664E1CADC4A2007C9662 /* DBManager.m in Sources */,
				5C1720CD1CA9BFB0002E91D0 /* ViewController.swift in Sources */,
				5CEE9A9E1CAC5BBB00D24304 /* CalendarNavController.swift in Sources */,
				5CA425CC1CABA65500B40D93 /* CalendarController.swift in Sources */,
				5CEE9AA01CAC5D3E00D24304 /* UpcomingNavController.swift in Sources */,
				5C1720CB1CA9BFB0002E91D0 /* AppDelegate.swift in Sources */,
				5CA425CA1CABA5F700B40D93 /* UpcomingController.swift in Sources */,
			);
			runOnlyForDeploymentPostprocessing = 0;
		};
		5C1720D61CA9BFB0002E91D0 /* Sources */ = {
			isa = PBXSourcesBuildPhase;
			buildActionMask = 2147483647;
			files = (
				5C1720E11CA9BFB0002E91D0 /* TestCalTests.swift in Sources */,
			);
			runOnlyForDeploymentPostprocessing = 0;
		};
/* End PBXSourcesBuildPhase section */

/* Begin PBXTargetDependency section */
		5C1720DC1CA9BFB0002E91D0 /* PBXTargetDependency */ = {
			isa = PBXTargetDependency;
			target = 5C1720C41CA9BFB0002E91D0 /* TestCal */;
			targetProxy = 5C1720DB1CA9BFB0002E91D0 /* PBXContainerItemProxy */;
		};
/* End PBXTargetDependency section */

/* Begin XCBuildConfiguration section */
		5C1720E21CA9BFB0002E91D0 /* Debug */ = {
			isa = XCBuildConfiguration;
			buildSettings = {
				ALWAYS_SEARCH_USER_PATHS = NO;
				CLANG_CXX_LANGUAGE_STANDARD = "gnu++0x";
				CLANG_CXX_LIBRARY = "libc++";
				CLANG_ENABLE_MODULES = YES;
				CLANG_ENABLE_OBJC_ARC = YES;
				CLANG_WARN_BOOL_CONVERSION = YES;
				CLANG_WARN_CONSTANT_CONVERSION = YES;
				CLANG_WARN_DIRECT_OBJC_ISA_USAGE = YES_ERROR;
				CLANG_WARN_EMPTY_BODY = YES;
				CLANG_WARN_ENUM_CONVERSION = YES;
				CLANG_WARN_INT_CONVERSION = YES;
				CLANG_WARN_OBJC_ROOT_CLASS = YES_ERROR;
				CLANG_WARN_UNREACHABLE_CODE = YES;
				CLANG_WARN__DUPLICATE_METHOD_MATCH = YES;
				"CODE_SIGN_IDENTITY[sdk=iphoneos*]" = "iPhone Developer";
				COPY_PHASE_STRIP = NO;
				DEBUG_INFORMATION_FORMAT = "dwarf-with-dsym";
				ENABLE_STRICT_OBJC_MSGSEND = YES;
				ENABLE_TESTABILITY = YES;
				GCC_C_LANGUAGE_STANDARD = gnu99;
				GCC_DYNAMIC_NO_PIC = NO;
				GCC_NO_COMMON_BLOCKS = YES;
				GCC_OPTIMIZATION_LEVEL = 0;
				GCC_PREPROCESSOR_DEFINITIONS = (
					"DEBUG=1",
					"$(inherited)",
				);
				GCC_SYMBOLS_PRIVATE_EXTERN = NO;
				GCC_WARN_64_TO_32_BIT_CONVERSION = YES;
				GCC_WARN_ABOUT_RETURN_TYPE = YES_ERROR;
				GCC_WARN_UNDECLARED_SELECTOR = YES;
				GCC_WARN_UNINITIALIZED_AUTOS = YES_AGGRESSIVE;
				GCC_WARN_UNUSED_FUNCTION = YES;
				GCC_WARN_UNUSED_VARIABLE = YES;
				INFOPLIST_FILE = TestCal/Info.plist;
				IPHONEOS_DEPLOYMENT_TARGET = 8.4;
				MTL_ENABLE_DEBUG_INFO = YES;
				ONLY_ACTIVE_ARCH = YES;
				SDKROOT = iphoneos;
				SWIFT_OBJC_BRIDGING_HEADER = "TestCal/TestCal-Bridging-Header.h";
				SWIFT_OPTIMIZATION_LEVEL = "-Onone";
				TARGETED_DEVICE_FAMILY = "1,2";
				USER_HEADER_SEARCH_PATHS = "Pods/**";
			};
			name = Debug;
		};
		5C1720E31CA9BFB0002E91D0 /* Release */ = {
			isa = XCBuildConfiguration;
			buildSettings = {
				ALWAYS_SEARCH_USER_PATHS = NO;
				CLANG_CXX_LANGUAGE_STANDARD = "gnu++0x";
				CLANG_CXX_LIBRARY = "libc++";
				CLANG_ENABLE_MODULES = YES;
				CLANG_ENABLE_OBJC_ARC = YES;
				CLANG_WARN_BOOL_CONVERSION = YES;
				CLANG_WARN_CONSTANT_CONVERSION = YES;
				CLANG_WARN_DIRECT_OBJC_ISA_USAGE = YES_ERROR;
				CLANG_WARN_EMPTY_BODY = YES;
				CLANG_WARN_ENUM_CONVERSION = YES;
				CLANG_WARN_INT_CONVERSION = YES;
				CLANG_WARN_OBJC_ROOT_CLASS = YES_ERROR;
				CLANG_WARN_UNREACHABLE_CODE = YES;
				CLANG_WARN__DUPLICATE_METHOD_MATCH = YES;
				"CODE_SIGN_IDENTITY[sdk=iphoneos*]" = "iPhone Developer";
				COPY_PHASE_STRIP = NO;
				DEBUG_INFORMATION_FORMAT = "dwarf-with-dsym";
				ENABLE_NS_ASSERTIONS = NO;
				ENABLE_STRICT_OBJC_MSGSEND = YES;
				GCC_C_LANGUAGE_STANDARD = gnu99;
				GCC_NO_COMMON_BLOCKS = YES;
				GCC_WARN_64_TO_32_BIT_CONVERSION = YES;
				GCC_WARN_ABOUT_RETURN_TYPE = YES_ERROR;
				GCC_WARN_UNDECLARED_SELECTOR = YES;
				GCC_WARN_UNINITIALIZED_AUTOS = YES_AGGRESSIVE;
				GCC_WARN_UNUSED_FUNCTION = YES;
				GCC_WARN_UNUSED_VARIABLE = YES;
				INFOPLIST_FILE = TestCal/Info.plist;
				IPHONEOS_DEPLOYMENT_TARGET = 8.4;
				MTL_ENABLE_DEBUG_INFO = NO;
				SDKROOT = iphoneos;
				SWIFT_OBJC_BRIDGING_HEADER = "TestCal/TestCal-Bridging-Header.h";
				TARGETED_DEVICE_FAMILY = "1,2";
				USER_HEADER_SEARCH_PATHS = "Pods/**";
				VALIDATE_PRODUCT = YES;
			};
			name = Release;
		};
		5C1720E51CA9BFB0002E91D0 /* Debug */ = {
			isa = XCBuildConfiguration;
			baseConfigurationReference = 780F1BB4E8F5CF51BF4FCDEF /* Pods-TestCal.debug.xcconfig */;
			buildSettings = {
				ASSETCATALOG_COMPILER_APPICON_NAME = AppIcon;
				INFOPLIST_FILE = TestCal/Info.plist;
				LD_RUNPATH_SEARCH_PATHS = "$(inherited) @executable_path/Frameworks";
				PRODUCT_BUNDLE_IDENTIFIER = "com.example.$(PRODUCT_NAME:rfc1034identifier)";
				PRODUCT_NAME = "$(TARGET_NAME)";
				SWIFT_OBJC_BRIDGING_HEADER = "TestCal/TestCal-Bridging-Header.h";
				USER_HEADER_SEARCH_PATHS = "Pods/**";
			};
			name = Debug;
		};
		5C1720E61CA9BFB0002E91D0 /* Release */ = {
			isa = XCBuildConfiguration;
			baseConfigurationReference = 7D130977574A51B735963218 /* Pods-TestCal.release.xcconfig */;
			buildSettings = {
				ASSETCATALOG_COMPILER_APPICON_NAME = AppIcon;
				INFOPLIST_FILE = TestCal/Info.plist;
				LD_RUNPATH_SEARCH_PATHS = "$(inherited) @executable_path/Frameworks";
				PRODUCT_BUNDLE_IDENTIFIER = "com.example.$(PRODUCT_NAME:rfc1034identifier)";
				PRODUCT_NAME = "$(TARGET_NAME)";
				SWIFT_OBJC_BRIDGING_HEADER = "TestCal/TestCal-Bridging-Header.h";
				USER_HEADER_SEARCH_PATHS = "Pods/**";
			};
			name = Release;
		};
		5C1720E81CA9BFB0002E91D0 /* Debug */ = {
			isa = XCBuildConfiguration;
			buildSettings = {
				BUNDLE_LOADER = "$(TEST_HOST)";
				FRAMEWORK_SEARCH_PATHS = (
					"$(SDKROOT)/Developer/Library/Frameworks",
					"$(inherited)",
				);
				GCC_PREPROCESSOR_DEFINITIONS = (
					"DEBUG=1",
					"$(inherited)",
				);
				INFOPLIST_FILE = TestCalTests/Info.plist;
				LD_RUNPATH_SEARCH_PATHS = "$(inherited) @executable_path/Frameworks @loader_path/Frameworks";
				PRODUCT_BUNDLE_IDENTIFIER = "com.example.$(PRODUCT_NAME:rfc1034identifier)";
				PRODUCT_NAME = "$(TARGET_NAME)";
				TEST_HOST = "$(BUILT_PRODUCTS_DIR)/TestCal.app/TestCal";
			};
			name = Debug;
		};
		5C1720E91CA9BFB0002E91D0 /* Release */ = {
			isa = XCBuildConfiguration;
			buildSettings = {
				BUNDLE_LOADER = "$(TEST_HOST)";
				FRAMEWORK_SEARCH_PATHS = (
					"$(SDKROOT)/Developer/Library/Frameworks",
					"$(inherited)",
				);
				INFOPLIST_FILE = TestCalTests/Info.plist;
				LD_RUNPATH_SEARCH_PATHS = "$(inherited) @executable_path/Frameworks @loader_path/Frameworks";
				PRODUCT_BUNDLE_IDENTIFIER = "com.example.$(PRODUCT_NAME:rfc1034identifier)";
				PRODUCT_NAME = "$(TARGET_NAME)";
				TEST_HOST = "$(BUILT_PRODUCTS_DIR)/TestCal.app/TestCal";
			};
			name = Release;
		};
/* End XCBuildConfiguration section */

/* Begin XCConfigurationList section */
		5C1720C01CA9BFB0002E91D0 /* Build configuration list for PBXProject "TestCal" */ = {
			isa = XCConfigurationList;
			buildConfigurations = (
				5C1720E21CA9BFB0002E91D0 /* Debug */,
				5C1720E31CA9BFB0002E91D0 /* Release */,
			);
			defaultConfigurationIsVisible = 0;
			defaultConfigurationName = Release;
		};
		5C1720E41CA9BFB0002E91D0 /* Build configuration list for PBXNativeTarget "TestCal" */ = {
			isa = XCConfigurationList;
			buildConfigurations = (
				5C1720E51CA9BFB0002E91D0 /* Debug */,
				5C1720E61CA9BFB0002E91D0 /* Release */,
			);
			defaultConfigurationIsVisible = 0;
			defaultConfigurationName = Release;
		};
		5C1720E71CA9BFB0002E91D0 /* Build configuration list for PBXNativeTarget "TestCalTests" */ = {
			isa = XCConfigurationList;
			buildConfigurations = (
				5C1720E81CA9BFB0002E91D0 /* Debug */,
				5C1720E91CA9BFB0002E91D0 /* Release */,
			);
			defaultConfigurationIsVisible = 0;
			defaultConfigurationName = Release;
		};
/* End XCConfigurationList section */
	};
	rootObject = 5C1720BD1CA9BFB0002E91D0 /* Project object */;
}
